// !$*UTF8*$!
{
	archiveVersion = 1;
	classes = {
	};
	objectVersion = 50;
	objects = {

/* Begin PBXBuildFile section */
		DC8EC0EB228EB9E500A590E9 /* AppDelegate.swift in Sources */ = {isa = PBXBuildFile; fileRef = DC8EC0EA228EB9E500A590E9 /* AppDelegate.swift */; };
		DC8EC0ED228EB9E500A590E9 /* ViewController.swift in Sources */ = {isa = PBXBuildFile; fileRef = DC8EC0EC228EB9E500A590E9 /* ViewController.swift */; };
		DC8EC0F2228EB9E600A590E9 /* Assets.xcassets in Resources */ = {isa = PBXBuildFile; fileRef = DC8EC0F1228EB9E600A590E9 /* Assets.xcassets */; };
		DC8EC0F5228EB9E600A590E9 /* LaunchScreen.storyboard in Resources */ = {isa = PBXBuildFile; fileRef = DC8EC0F3228EB9E600A590E9 /* LaunchScreen.storyboard */; };
		DC8EC10B228EBA2400A590E9 /* Main.storyboard in Resources */ = {isa = PBXBuildFile; fileRef = DC8EC10A228EBA2400A590E9 /* Main.storyboard */; };
/* End PBXBuildFile section */

/* Begin PBXContainerItemProxy section */
		DC8EC0FC228EB9E600A590E9 /* PBXContainerItemProxy */ = {
			isa = PBXContainerItemProxy;
			containerPortal = DC8EC0DF228EB9E500A590E9 /* Project object */;
			proxyType = 1;
			remoteGlobalIDString = DC8EC0E6228EB9E500A590E9;
			remoteInfo = DecorationView;
		};
/* End PBXContainerItemProxy section */

/* Begin PBXFileReference section */
		DC8EC0E7228EB9E500A590E9 /* DecorationView.app */ = {isa = PBXFileReference; explicitFileType = wrapper.application; includeInIndex = 0; path = DecorationView.app; sourceTree = BUILT_PRODUCTS_DIR; };
		DC8EC0EA228EB9E500A590E9 /* AppDelegate.swift */ = {isa = PBXFileReference; lastKnownFileType = sourcecode.swift; path = AppDelegate.swift; sourceTree = "<group>"; };
		DC8EC0EC228EB9E500A590E9 /* ViewController.swift */ = {isa = PBXFileReference; lastKnownFileType = sourcecode.swift; path = ViewController.swift; sourceTree = "<group>"; };
		DC8EC0F1228EB9E600A590E9 /* Assets.xcassets */ = {isa = PBXFileReference; lastKnownFileType = folder.assetcatalog; path = Assets.xcassets; sourceTree = "<group>"; };
		DC8EC0F4228EB9E600A590E9 /* Base */ = {isa = PBXFileReference; lastKnownFileType = file.storyboard; name = Base; path = Base.lproj/LaunchScreen.storyboard; sourceTree = "<group>"; };
		DC8EC0F6228EB9E600A590E9 /* Info.plist */ = {isa = PBXFileReference; lastKnownFileType = text.plist.xml; path = Info.plist; sourceTree = "<group>"; };
		DC8EC0FB228EB9E600A590E9 /* DecorationViewTests.xctest */ = {isa = PBXFileReference; explicitFileType = wrapper.cfbundle; includeInIndex = 0; path = DecorationViewTests.xctest; sourceTree = BUILT_PRODUCTS_DIR; };
		DC8EC10A228EBA2400A590E9 /* Main.storyboard */ = {isa = PBXFileReference; fileEncoding = 4; lastKnownFileType = file.storyboard; path = Main.storyboard; sourceTree = "<group>"; };
/* End PBXFileReference section */

/* Begin PBXFrameworksBuildPhase section */
		DC8EC0E4228EB9E500A590E9 /* Frameworks */ = {
			isa = PBXFrameworksBuildPhase;
			buildActionMask = 2147483647;
			files = (
			);
			runOnlyForDeploymentPostprocessing = 0;
		};
		DC8EC0F8228EB9E600A590E9 /* Frameworks */ = {
			isa = PBXFrameworksBuildPhase;
			buildActionMask = 2147483647;
			files = (
			);
			runOnlyForDeploymentPostprocessing = 0;
		};
/* End PBXFrameworksBuildPhase section */

/* Begin PBXGroup section */
		DC8EC0DE228EB9E500A590E9 = {
			isa = PBXGroup;
			children = (
				DC8EC0E9228EB9E500A590E9 /* DecorationView */,
				DC8EC0E8228EB9E500A590E9 /* Products */,
			);
			sourceTree = "<group>";
		};
		DC8EC0E8228EB9E500A590E9 /* Products */ = {
			isa = PBXGroup;
			children = (
				DC8EC0E7228EB9E500A590E9 /* DecorationView.app */,
				DC8EC0FB228EB9E600A590E9 /* DecorationViewTests.xctest */,
			);
			name = Products;
			sourceTree = "<group>";
		};
		DC8EC0E9228EB9E500A590E9 /* DecorationView */ = {
			isa = PBXGroup;
			children = (
				DC8EC0EA228EB9E500A590E9 /* AppDelegate.swift */,
				DC8EC0EC228EB9E500A590E9 /* ViewController.swift */,
				DC8EC10A228EBA2400A590E9 /* Main.storyboard */,
				DC8EC0F1228EB9E600A590E9 /* Assets.xcassets */,
				DC8EC0F3228EB9E600A590E9 /* LaunchScreen.storyboard */,
				DC8EC0F6228EB9E600A590E9 /* Info.plist */,
			);
			path = DecorationView;
			sourceTree = "<group>";
		};
/* End PBXGroup section */

/* Begin PBXNativeTarget section */
		DC8EC0E6228EB9E500A590E9 /* DecorationView */ = {
			isa = PBXNativeTarget;
			buildConfigurationList = DC8EC104228EB9E600A590E9 /* Build configuration list for PBXNativeTarget "DecorationView" */;
			buildPhases = (
				DC8EC0E3228EB9E500A590E9 /* Sources */,
				DC8EC0E4228EB9E500A590E9 /* Frameworks */,
				DC8EC0E5228EB9E500A590E9 /* Resources */,
			);
			buildRules = (
			);
			dependencies = (
			);
			name = DecorationView;
			productName = DecorationView;
			productReference = DC8EC0E7228EB9E500A590E9 /* DecorationView.app */;
			productType = "com.apple.product-type.application";
		};
		DC8EC0FA228EB9E600A590E9 /* DecorationViewTests */ = {
			isa = PBXNativeTarget;
			buildConfigurationList = DC8EC107228EB9E600A590E9 /* Build configuration list for PBXNativeTarget "DecorationViewTests" */;
			buildPhases = (
				DC8EC0F7228EB9E600A590E9 /* Sources */,
				DC8EC0F8228EB9E600A590E9 /* Frameworks */,
				DC8EC0F9228EB9E600A590E9 /* Resources */,
			);
			buildRules = (
			);
			dependencies = (
				DC8EC0FD228EB9E600A590E9 /* PBXTargetDependency */,
			);
			name = DecorationViewTests;
			productName = DecorationViewTests;
			productReference = DC8EC0FB228EB9E600A590E9 /* DecorationViewTests.xctest */;
			productType = "com.apple.product-type.bundle.unit-test";
		};
/* End PBXNativeTarget section */

/* Begin PBXProject section */
		DC8EC0DF228EB9E500A590E9 /* Project object */ = {
			isa = PBXProject;
			attributes = {
				LastSwiftUpdateCheck = 1020;
				LastUpgradeCheck = 1020;
				ORGANIZATIONNAME = Charkspecialisten;
				TargetAttributes = {
					DC8EC0E6228EB9E500A590E9 = {
						CreatedOnToolsVersion = 10.2.1;
					};
					DC8EC0FA228EB9E600A590E9 = {
						CreatedOnToolsVersion = 10.2.1;
						TestTargetID = DC8EC0E6228EB9E500A590E9;
					};
				};
			};
			buildConfigurationList = DC8EC0E2228EB9E500A590E9 /* Build configuration list for PBXProject "DecorationView" */;
			compatibilityVersion = "Xcode 9.3";
			developmentRegion = en;
			hasScannedForEncodings = 0;
			knownRegions = (
				en,
				Base,
			);
			mainGroup = DC8EC0DE228EB9E500A590E9;
			productRefGroup = DC8EC0E8228EB9E500A590E9 /* Products */;
			projectDirPath = "";
			projectRoot = "";
			targets = (
				DC8EC0E6228EB9E500A590E9 /* DecorationView */,
				DC8EC0FA228EB9E600A590E9 /* DecorationViewTests */,
			);
		};
/* End PBXProject section */

/* Begin PBXResourcesBuildPhase section */
		DC8EC0E5228EB9E500A590E9 /* Resources */ = {
			isa = PBXResourcesBuildPhase;
			buildActionMask = 2147483647;
			files = (
				DC8EC0F5228EB9E600A590E9 /* LaunchScreen.storyboard in Resources */,
				DC8EC0F2228EB9E600A590E9 /* Assets.xcassets in Resources */,
				DC8EC10B228EBA2400A590E9 /* Main.storyboard in Resources */,
			);
			runOnlyForDeploymentPostprocessing = 0;
		};
		DC8EC0F9228EB9E600A590E9 /* Resources */ = {
			isa = PBXResourcesBuildPhase;
			buildActionMask = 2147483647;
			files = (
			);
			runOnlyForDeploymentPostprocessing = 0;
		};
/* End PBXResourcesBuildPhase section */

/* Begin PBXSourcesBuildPhase section */
		DC8EC0E3228EB9E500A590E9 /* Sources */ = {
			isa = PBXSourcesBuildPhase;
			buildActionMask = 2147483647;
			files = (
				DC8EC0ED228EB9E500A590E9 /* ViewController.swift in Sources */,
				DC8EC0EB228EB9E500A590E9 /* AppDelegate.swift in Sources */,
			);
			runOnlyForDeploymentPostprocessing = 0;
		};
		DC8EC0F7228EB9E600A590E9 /* Sources */ = {
			isa = PBXSourcesBuildPhase;
			buildActionMask = 2147483647;
			files = (
			);
			runOnlyForDeploymentPostprocessing = 0;
		};
/* End PBXSourcesBuildPhase section */

/* Begin PBXTargetDependency section */
		DC8EC0FD228EB9E600A590E9 /* PBXTargetDependency */ = {
			isa = PBXTargetDependency;
			target = DC8EC0E6228EB9E500A590E9 /* DecorationView */;
			targetProxy = DC8EC0FC228EB9E600A590E9 /* PBXContainerItemProxy */;
		};
/* End PBXTargetDependency section */

/* Begin PBXVariantGroup section */
		DC8EC0F3228EB9E600A590E9 /* LaunchScreen.storyboard */ = {
			isa = PBXVariantGroup;
			children = (
				DC8EC0F4228EB9E600A590E9 /* Base */,
			);
			name = LaunchScreen.storyboard;
			sourceTree = "<group>";
		};
/* End PBXVariantGroup section */

/* Begin XCBuildConfiguration section */
		DC8EC102228EB9E600A590E9 /* Debug */ = {
			isa = XCBuildConfiguration;
			buildSettings = {
				ALWAYS_SEARCH_USER_PATHS = NO;
				CLANG_ANALYZER_NONNULL = YES;
				CLANG_ANALYZER_NUMBER_OBJECT_CONVERSION = YES_AGGRESSIVE;
				CLANG_CXX_LANGUAGE_STANDARD = "gnu++14";
				CLANG_CXX_LIBRARY = "libc++";
				CLANG_ENABLE_MODULES = YES;
				CLANG_ENABLE_OBJC_ARC = YES;
				CLANG_ENABLE_OBJC_WEAK = YES;
				CLANG_WARN_BLOCK_CAPTURE_AUTORELEASING = YES;
				CLANG_WARN_BOOL_CONVERSION = YES;
				CLANG_WARN_COMMA = YES;
				CLANG_WARN_CONSTANT_CONVERSION = YES;
				CLANG_WARN_DEPRECATED_OBJC_IMPLEMENTATIONS = YES;
				CLANG_WARN_DIRECT_OBJC_ISA_USAGE = YES_ERROR;
				CLANG_WARN_DOCUMENTATION_COMMENTS = YES;
				CLANG_WARN_EMPTY_BODY = YES;
				CLANG_WARN_ENUM_CONVERSION = YES;
				CLANG_WARN_INFINITE_RECURSION = YES;
				CLANG_WARN_INT_CONVERSION = YES;
				CLANG_WARN_NON_LITERAL_NULL_CONVERSION = YES;
				CLANG_WARN_OBJC_IMPLICIT_RETAIN_SELF = YES;
				CLANG_WARN_OBJC_LITERAL_CONVERSION = YES;
				CLANG_WARN_OBJC_ROOT_CLASS = YES_ERROR;
				CLANG_WARN_RANGE_LOOP_ANALYSIS = YES;
				CLANG_WARN_STRICT_PROTOTYPES = YES;
				CLANG_WARN_SUSPICIOUS_MOVE = YES;
				CLANG_WARN_UNGUARDED_AVAILABILITY = YES_AGGRESSIVE;
				CLANG_WARN_UNREACHABLE_CODE = YES;
				CLANG_WARN__DUPLICATE_METHOD_MATCH = YES;
				CODE_SIGN_IDENTITY = "iPhone Developer";
				COPY_PHASE_STRIP = NO;
				DEBUG_INFORMATION_FORMAT = dwarf;
				ENABLE_STRICT_OBJC_MSGSEND = YES;
				ENABLE_TESTABILITY = YES;
				GCC_C_LANGUAGE_STANDARD = gnu11;
				GCC_DYNAMIC_NO_PIC = NO;
				GCC_NO_COMMON_BLOCKS = YES;
				GCC_OPTIMIZATION_LEVEL = 0;
				GCC_PREPROCESSOR_DEFINITIONS = (
					"DEBUG=1",
					"$(inherited)",
				);
				GCC_WARN_64_TO_32_BIT_CONVERSION = YES;
				GCC_WARN_ABOUT_RETURN_TYPE = YES_ERROR;
				GCC_WARN_UNDECLARED_SELECTOR = YES;
				GCC_WARN_UNINITIALIZED_AUTOS = YES_AGGRESSIVE;
				GCC_WARN_UNUSED_FUNCTION = YES;
				GCC_WARN_UNUSED_VARIABLE = YES;
				IPHONEOS_DEPLOYMENT_TARGET = 12.2;
				MTL_ENABLE_DEBUG_INFO = INCLUDE_SOURCE;
				MTL_FAST_MATH = YES;
				ONLY_ACTIVE_ARCH = YES;
				SDKROOT = iphoneos;
				SWIFT_ACTIVE_COMPILATION_CONDITIONS = DEBUG;
				SWIFT_OPTIMIZATION_LEVEL = "-Onone";
			};
			name = Debug;
		};
		DC8EC103228EB9E600A590E9 /* Release */ = {
			isa = XCBuildConfiguration;
			buildSettings = {
				ALWAYS_SEARCH_USER_PATHS = NO;
				CLANG_ANALYZER_NONNULL = YES;
				CLANG_ANALYZER_NUMBER_OBJECT_CONVERSION = YES_AGGRESSIVE;
				CLANG_CXX_LANGUAGE_STANDARD = "gnu++14";
				CLANG_CXX_LIBRARY = "libc++";
				CLANG_ENABLE_MODULES = YES;
				CLANG_ENABLE_OBJC_ARC = YES;
				CLANG_ENABLE_OBJC_WEAK = YES;
				CLANG_WARN_BLOCK_CAPTURE_AUTORELEASING = YES;
				CLANG_WARN_BOOL_CONVERSION = YES;
				CLANG_WARN_COMMA = YES;
				CLANG_WARN_CONSTANT_CONVERSION = YES;
				CLANG_WARN_DEPRECATED_OBJC_IMPLEMENTATIONS = YES;
				CLANG_WARN_DIRECT_OBJC_ISA_USAGE = YES_ERROR;
				CLANG_WARN_DOCUMENTATION_COMMENTS = YES;
				CLANG_WARN_EMPTY_BODY = YES;
				CLANG_WARN_ENUM_CONVERSION = YES;
				CLANG_WARN_INFINITE_RECURSION = YES;
				CLANG_WARN_INT_CONVERSION = YES;
				CLANG_WARN_NON_LITERAL_NULL_CONVERSION = YES;
				CLANG_WARN_OBJC_IMPLICIT_RETAIN_SELF = YES;
				CLANG_WARN_OBJC_LITERAL_CONVERSION = YES;
				CLANG_WARN_OBJC_ROOT_CLASS = YES_ERROR;
				CLANG_WARN_RANGE_LOOP_ANALYSIS = YES;
				CLANG_WARN_STRICT_PROTOTYPES = YES;
				CLANG_WARN_SUSPICIOUS_MOVE = YES;
				CLANG_WARN_UNGUARDED_AVAILABILITY = YES_AGGRESSIVE;
				CLANG_WARN_UNREACHABLE_CODE = YES;
				CLANG_WARN__DUPLICATE_METHOD_MATCH = YES;
				CODE_SIGN_IDENTITY = "iPhone Developer";
				COPY_PHASE_STRIP = NO;
				DEBUG_INFORMATION_FORMAT = "dwarf-with-dsym";
				ENABLE_NS_ASSERTIONS = NO;
				ENABLE_STRICT_OBJC_MSGSEND = YES;
				GCC_C_LANGUAGE_STANDARD = gnu11;
				GCC_NO_COMMON_BLOCKS = YES;
				GCC_WARN_64_TO_32_BIT_CONVERSION = YES;
				GCC_WARN_ABOUT_RETURN_TYPE = YES_ERROR;
				GCC_WARN_UNDECLARED_SELECTOR = YES;
				GCC_WARN_UNINITIALIZED_AUTOS = YES_AGGRESSIVE;
				GCC_WARN_UNUSED_FUNCTION = YES;
				GCC_WARN_UNUSED_VARIABLE = YES;
				IPHONEOS_DEPLOYMENT_TARGET = 12.2;
				MTL_ENABLE_DEBUG_INFO = NO;
				MTL_FAST_MATH = YES;
				SDKROOT = iphoneos;
				SWIFT_COMPILATION_MODE = wholemodule;
				SWIFT_OPTIMIZATION_LEVEL = "-O";
				VALIDATE_PRODUCT = YES;
			};
			name = Release;
		};
		DC8EC105228EB9E600A590E9 /* Debug */ = {
			isa = XCBuildConfiguration;
			buildSettings = {
				ASSETCATALOG_COMPILER_APPICON_NAME = AppIcon;
				CODE_SIGN_STYLE = Automatic;
				DEVELOPMENT_TEAM = 4AZ9573G2J;
				INFOPLIST_FILE = DecorationView/Info.plist;
				LD_RUNPATH_SEARCH_PATHS = (
					"$(inherited)",
					"@executable_path/Frameworks",
				);
				PRODUCT_BUNDLE_IDENTIFIER = se.charkspecialisten.DecorationView;
				PRODUCT_NAME = "$(TARGET_NAME)";
				SWIFT_VERSION = 5.0;
				TARGETED_DEVICE_FAMILY = "1,2";
			};
			name = Debug;
		};
		DC8EC106228EB9E600A590E9 /* Release */ = {
			isa = XCBuildConfiguration;
			buildSettings = {
				ASSETCATALOG_COMPILER_APPICON_NAME = AppIcon;
				CODE_SIGN_STYLE = Automatic;
				DEVELOPMENT_TEAM = 4AZ9573G2J;
				INFOPLIST_FILE = DecorationView/Info.plist;
				LD_RUNPATH_SEARCH_PATHS = (
					"$(inherited)",
					"@executable_path/Frameworks",
				);
				PRODUCT_BUNDLE_IDENTIFIER = se.charkspecialisten.DecorationView;
				PRODUCT_NAME = "$(TARGET_NAME)";
				SWIFT_VERSION = 5.0;
				TARGETED_DEVICE_FAMILY = "1,2";
			};
			name = Release;
		};
		DC8EC108228EB9E600A590E9 /* Debug */ = {
			isa = XCBuildConfiguration;
			buildSettings = {
				ALWAYS_EMBED_SWIFT_STANDARD_LIBRARIES = YES;
				BUNDLE_LOADER = "$(TEST_HOST)";
				CODE_SIGN_STYLE = Automatic;
				DEVELOPMENT_TEAM = 4AZ9573G2J;
				INFOPLIST_FILE = DecorationViewTests/Info.plist;
				LD_RUNPATH_SEARCH_PATHS = (
					"$(inherited)",
					"@executable_path/Frameworks",
					"@loader_path/Frameworks",
				);
				PRODUCT_BUNDLE_IDENTIFIER = se.charkspecialisten.DecorationViewTests;
				PRODUCT_NAME = "$(TARGET_NAME)";
				SWIFT_VERSION = 5.0;
				TARGETED_DEVICE_FAMILY = "1,2";
				TEST_HOST = "$(BUILT_PRODUCTS_DIR)/DecorationView.app/DecorationView";
			};
			name = Debug;
		};
		DC8EC109228EB9E600A590E9 /* Release */ = {
			isa = XCBuildConfiguration;
			buildSettings = {
				ALWAYS_EMBED_SWIFT_STANDARD_LIBRARIES = YES;
				BUNDLE_LOADER = "$(TEST_HOST)";
				CODE_SIGN_STYLE = Automatic;
				DEVELOPMENT_TEAM = 4AZ9573G2J;
				INFOPLIST_FILE = DecorationViewTests/Info.plist;
				LD_RUNPATH_SEARCH_PATHS = (
					"$(inherited)",
					"@executable_path/Frameworks",
					"@loader_path/Frameworks",
				);
				PRODUCT_BUNDLE_IDENTIFIER = se.charkspecialisten.DecorationViewTests;
				PRODUCT_NAME = "$(TARGET_NAME)";
				SWIFT_VERSION = 5.0;
				TARGETED_DEVICE_FAMILY = "1,2";
				TEST_HOST = "$(BUILT_PRODUCTS_DIR)/DecorationView.app/DecorationView";
			};
			name = Release;
		};
/* End XCBuildConfiguration section */

/* Begin XCConfigurationList section */
		DC8EC0E2228EB9E500A590E9 /* Build configuration list for PBXProject "DecorationView" */ = {
			isa = XCConfigurationList;
			buildConfigurations = (
				DC8EC102228EB9E600A590E9 /* Debug */,
				DC8EC103228EB9E600A590E9 /* Release */,
			);
			defaultConfigurationIsVisible = 0;
			defaultConfigurationName = Release;
		};
		DC8EC104228EB9E600A590E9 /* Build configuration list for PBXNativeTarget "DecorationView" */ = {
			isa = XCConfigurationList;
			buildConfigurations = (
				DC8EC105228EB9E600A590E9 /* Debug */,
				DC8EC106228EB9E600A590E9 /* Release */,
			);
			defaultConfigurationIsVisible = 0;
			defaultConfigurationName = Release;
		};
		DC8EC107228EB9E600A590E9 /* Build configuration list for PBXNativeTarget "DecorationViewTests" */ = {
			isa = XCConfigurationList;
			buildConfigurations = (
				DC8EC108228EB9E600A590E9 /* Debug */,
				DC8EC109228EB9E600A590E9 /* Release */,
			);
			defaultConfigurationIsVisible = 0;
			defaultConfigurationName = Release;
		};
/* End XCConfigurationList section */
	};
	rootObject = DC8EC0DF228EB9E500A590E9 /* Project object */;
}
